
Microsoft Visual Studio Solution File, Format Version 12.00
# Visual Studio 15
VisualStudioVersion = 15.0.26124.0
MinimumVisualStudioVersion = 15.0.26124.0
Project("{FAE04EC0-301F-11D3-BF4B-00C04F79EFBC}") = "Hydrax.Functional", "Hydrax.Functional\Hydrax.Functional.csproj", "{BBD894BE-FFED-4C1C-9763-A61995B8B404}"
EndProject
Project("{FAE04EC0-301F-11D3-BF4B-00C04F79EFBC}") = "Hydrax.Functional.Tests", "Hydrax.Functional.Tests\Hydrax.Functional.Tests.csproj", "{36A24B7C-2BED-45FD-8524-F30930BE2335}"
EndProject
Global
	GlobalSection(SolutionConfigurationPlatforms) = preSolution
		Debug|Any CPU = Debug|Any CPU
		Debug|x64 = Debug|x64
		Debug|x86 = Debug|x86
		Release|Any CPU = Release|Any CPU
		Release|x64 = Release|x64
		Release|x86 = Release|x86
	EndGlobalSection
	GlobalSection(SolutionProperties) = preSolution
		HideSolutionNode = FALSE
	EndGlobalSection
	GlobalSection(ProjectConfigurationPlatforms) = postSolution
		{BBD894BE-FFED-4C1C-9763-A61995B8B404}.Debug|Any CPU.ActiveCfg = Debug|Any CPU
		{BBD894BE-FFED-4C1C-9763-A61995B8B404}.Debug|Any CPU.Build.0 = Debug|Any CPU
		{BBD894BE-FFED-4C1C-9763-A61995B8B404}.Debug|x64.ActiveCfg = Debug|x64
		{BBD894BE-FFED-4C1C-9763-A61995B8B404}.Debug|x64.Build.0 = Debug|x64
		{BBD894BE-FFED-4C1C-9763-A61995B8B404}.Debug|x86.ActiveCfg = Debug|x86
		{BBD894BE-FFED-4C1C-9763-A61995B8B404}.Debug|x86.Build.0 = Debug|x86
		{BBD894BE-FFED-4C1C-9763-A61995B8B404}.Release|Any CPU.ActiveCfg = Release|Any CPU
		{BBD894BE-FFED-4C1C-9763-A61995B8B404}.Release|Any CPU.Build.0 = Release|Any CPU
		{BBD894BE-FFED-4C1C-9763-A61995B8B404}.Release|x64.ActiveCfg = Release|x64
		{BBD894BE-FFED-4C1C-9763-A61995B8B404}.Release|x64.Build.0 = Release|x64
		{BBD894BE-FFED-4C1C-9763-A61995B8B404}.Release|x86.ActiveCfg = Release|x86
		{BBD894BE-FFED-4C1C-9763-A61995B8B404}.Release|x86.Build.0 = Release|x86
		{36A24B7C-2BED-45FD-8524-F30930BE2335}.Debug|Any CPU.ActiveCfg = Debug|Any CPU
		{36A24B7C-2BED-45FD-8524-F30930BE2335}.Debug|Any CPU.Build.0 = Debug|Any CPU
		{36A24B7C-2BED-45FD-8524-F30930BE2335}.Debug|x64.ActiveCfg = Debug|x64
		{36A24B7C-2BED-45FD-8524-F30930BE2335}.Debug|x64.Build.0 = Debug|x64
		{36A24B7C-2BED-45FD-8524-F30930BE2335}.Debug|x86.ActiveCfg = Debug|x86
		{36A24B7C-2BED-45FD-8524-F30930BE2335}.Debug|x86.Build.0 = Debug|x86
		{36A24B7C-2BED-45FD-8524-F30930BE2335}.Release|Any CPU.ActiveCfg = Release|Any CPU
		{36A24B7C-2BED-45FD-8524-F30930BE2335}.Release|Any CPU.Build.0 = Release|Any CPU
		{36A24B7C-2BED-45FD-8524-F30930BE2335}.Release|x64.ActiveCfg = Release|x64
		{36A24B7C-2BED-45FD-8524-F30930BE2335}.Release|x64.Build.0 = Release|x64
		{36A24B7C-2BED-45FD-8524-F30930BE2335}.Release|x86.ActiveCfg = Release|x86
		{36A24B7C-2BED-45FD-8524-F30930BE2335}.Release|x86.Build.0 = Release|x86
	EndGlobalSection
EndGlobal
